
Microsoft Visual Studio Solution File, Format Version 12.00
Project("{FAE04EC0-301F-11D3-BF4B-00C04F79EFBC}") = "udemy", "udemy.csproj", "{492A90CA-76BB-4ED9-BE3C-9652F63E6676}"
EndProject
Project("{FAE04EC0-301F-11D3-BF4B-00C04F79EFBC}") = "Udemy.DataAccess", "Udemy.DataAccess\Udemy.DataAccess.csproj", "{BEA76970-D9E5-44D7-8111-783CF865ABFC}"
EndProject
Project("{FAE04EC0-301F-11D3-BF4B-00C04F79EFBC}") = "Udemy.Models", "Udemy.Models\Udemy.Models.csproj", "{98516041-A7A1-4F8C-AC90-26D2394EA59C}"
EndProject
Project("{FAE04EC0-301F-11D3-BF4B-00C04F79EFBC}") = "Udemy.Utility", "Udemy.Utility\Udemy.Utility.csproj", "{4BF6C05E-5A54-4FAD-BDFE-379BC566FCEE}"
EndProject
Global
	GlobalSection(SolutionConfigurationPlatforms) = preSolution
		Debug|Any CPU = Debug|Any CPU
		Release|Any CPU = Release|Any CPU
	EndGlobalSection
	GlobalSection(ProjectConfigurationPlatforms) = postSolution
		{492A90CA-76BB-4ED9-BE3C-9652F63E6676}.Debug|Any CPU.ActiveCfg = Debug|Any CPU
		{492A90CA-76BB-4ED9-BE3C-9652F63E6676}.Debug|Any CPU.Build.0 = Debug|Any CPU
		{492A90CA-76BB-4ED9-BE3C-9652F63E6676}.Release|Any CPU.ActiveCfg = Release|Any CPU
		{492A90CA-76BB-4ED9-BE3C-9652F63E6676}.Release|Any CPU.Build.0 = Release|Any CPU
		{BEA76970-D9E5-44D7-8111-783CF865ABFC}.Debug|Any CPU.ActiveCfg = Debug|Any CPU
		{BEA76970-D9E5-44D7-8111-783CF865ABFC}.Debug|Any CPU.Build.0 = Debug|Any CPU
		{BEA76970-D9E5-44D7-8111-783CF865ABFC}.Release|Any CPU.ActiveCfg = Release|Any CPU
		{BEA76970-D9E5-44D7-8111-783CF865ABFC}.Release|Any CPU.Build.0 = Release|Any CPU
		{98516041-A7A1-4F8C-AC90-26D2394EA59C}.Debug|Any CPU.ActiveCfg = Debug|Any CPU
		{98516041-A7A1-4F8C-AC90-26D2394EA59C}.Debug|Any CPU.Build.0 = Debug|Any CPU
		{98516041-A7A1-4F8C-AC90-26D2394EA59C}.Release|Any CPU.ActiveCfg = Release|Any CPU
		{98516041-A7A1-4F8C-AC90-26D2394EA59C}.Release|Any CPU.Build.0 = Release|Any CPU
		{4BF6C05E-5A54-4FAD-BDFE-379BC566FCEE}.Debug|Any CPU.ActiveCfg = Debug|Any CPU
		{4BF6C05E-5A54-4FAD-BDFE-379BC566FCEE}.Debug|Any CPU.Build.0 = Debug|Any CPU
		{4BF6C05E-5A54-4FAD-BDFE-379BC566FCEE}.Release|Any CPU.ActiveCfg = Release|Any CPU
		{4BF6C05E-5A54-4FAD-BDFE-379BC566FCEE}.Release|Any CPU.Build.0 = Release|Any CPU
	EndGlobalSection
EndGlobal
